
Microsoft Visual Studio Solution File, Format Version 11.00
# Visual Studio 2010
Project("{FAE04EC0-301F-11D3-BF4B-00C04F79EFBC}") = "Assembly-CSharp", "Assembly-CSharp.csproj", "{3C9FB492-6A1A-5E63-AAD2-49BFDAFDF7DA}"
EndProject
Project("{FAE04EC0-301F-11D3-BF4B-00C04F79EFBC}") = "Assembly-CSharp-Editor", "Assembly-CSharp-Editor.csproj", "{0C2FB0AA-BA8A-67E1-6CCB-C6F7EDC84C55}"
EndProject
Global
	GlobalSection(SolutionConfigurationPlatforms) = preSolution
		Debug|Any CPU = Debug|Any CPU
		Release|Any CPU = Release|Any CPU
	EndGlobalSection
	GlobalSection(ProjectConfigurationPlatforms) = postSolution
		{3C9FB492-6A1A-5E63-AAD2-49BFDAFDF7DA}.Debug|Any CPU.ActiveCfg = Debug|Any CPU
		{3C9FB492-6A1A-5E63-AAD2-49BFDAFDF7DA}.Debug|Any CPU.Build.0 = Debug|Any CPU
		{3C9FB492-6A1A-5E63-AAD2-49BFDAFDF7DA}.Release|Any CPU.ActiveCfg = Release|Any CPU
		{3C9FB492-6A1A-5E63-AAD2-49BFDAFDF7DA}.Release|Any CPU.Build.0 = Release|Any CPU
		{0C2FB0AA-BA8A-67E1-6CCB-C6F7EDC84C55}.Debug|Any CPU.ActiveCfg = Debug|Any CPU
		{0C2FB0AA-BA8A-67E1-6CCB-C6F7EDC84C55}.Debug|Any CPU.Build.0 = Debug|Any CPU
		{0C2FB0AA-BA8A-67E1-6CCB-C6F7EDC84C55}.Release|Any CPU.ActiveCfg = Release|Any CPU
		{0C2FB0AA-BA8A-67E1-6CCB-C6F7EDC84C55}.Release|Any CPU.Build.0 = Release|Any CPU
	EndGlobalSection
	GlobalSection(SolutionProperties) = preSolution
		HideSolutionNode = FALSE
	EndGlobalSection
EndGlobal
